{
  "name": "piconet-driver-harness",
  "version": "1.0.0",
  "lockfileVersion": 2,
  "requires": true,
  "packages": {
    "": {
      "name": "piconet-driver-harness",
      "version": "1.0.0",
      "license": "ISC",
      "dependencies": {
        "@gct256/hexdump": "^0.1.2"
      }
    },
    "node_modules/@gct256/hexdump": {
      "version": "0.1.2",
      "resolved": "https://uktv-903076140947.d.codeartifact.eu-west-1.amazonaws.com:443/npm/uktv/@gct256/hexdump/-/hexdump-0.1.2.tgz",
      "integrity": "sha512-2ffonPjag1lg7h5rggdNTmfOfRs5fRYw1WIKqR4KmaRVk4L6O7WSInOLC2k2VnHGpq00JXGB6BtZkztxL9YyDg=="
    }
  },
  "dependencies": {
    "@gct256/hexdump": {
      "version": "0.1.2",
      "resolved": "https://uktv-903076140947.d.codeartifact.eu-west-1.amazonaws.com:443/npm/uktv/@gct256/hexdump/-/hexdump-0.1.2.tgz",
      "integrity": "sha512-2ffonPjag1lg7h5rggdNTmfOfRs5fRYw1WIKqR4KmaRVk4L6O7WSInOLC2k2VnHGpq00JXGB6BtZkztxL9YyDg=="
    }
  }
}
